
Microsoft Visual Studio Solution File, Format Version 12.00
# Visual Studio 14
VisualStudioVersion = 14.0.25123.0
MinimumVisualStudioVersion = 10.0.40219.1
Project("{A07B5EB6-E848-4116-A8D0-A826331D98C6}") = "ConfigurationManagement", "ConfigurationManagement\ConfigurationManagement.sfproj", "{069A77F3-BD61-4AA0-B821-25144E9BBD7D}"
EndProject
Project("{FAE04EC0-301F-11D3-BF4B-00C04F79EFBC}") = "DbConnectionService", "DbConnectionService\DbConnectionService.csproj", "{33406CE4-E441-4575-9C80-08BD7D1E8E04}"
EndProject
Project("{FAE04EC0-301F-11D3-BF4B-00C04F79EFBC}") = "ConfigurationManagement.SDK", "ConfigurationManagement.SDK\ConfigurationManagement.SDK.csproj", "{CE12A5CA-11E9-436A-8444-9CA1874B0DED}"
EndProject
Project("{FAE04EC0-301F-11D3-BF4B-00C04F79EFBC}") = "RedisConnectionService", "RedisConnectionService\RedisConnectionService.csproj", "{FE2B076D-53F6-4CA1-AD1A-5640B8D66700}"
EndProject
Global
	GlobalSection(SolutionConfigurationPlatforms) = preSolution
		Debug|Any CPU = Debug|Any CPU
		Debug|x64 = Debug|x64
		Release|Any CPU = Release|Any CPU
		Release|x64 = Release|x64
	EndGlobalSection
	GlobalSection(ProjectConfigurationPlatforms) = postSolution
		{069A77F3-BD61-4AA0-B821-25144E9BBD7D}.Debug|Any CPU.ActiveCfg = Debug|x64
		{069A77F3-BD61-4AA0-B821-25144E9BBD7D}.Debug|x64.ActiveCfg = Debug|x64
		{069A77F3-BD61-4AA0-B821-25144E9BBD7D}.Debug|x64.Build.0 = Debug|x64
		{069A77F3-BD61-4AA0-B821-25144E9BBD7D}.Debug|x64.Deploy.0 = Debug|x64
		{069A77F3-BD61-4AA0-B821-25144E9BBD7D}.Release|Any CPU.ActiveCfg = Release|x64
		{069A77F3-BD61-4AA0-B821-25144E9BBD7D}.Release|x64.ActiveCfg = Release|x64
		{069A77F3-BD61-4AA0-B821-25144E9BBD7D}.Release|x64.Build.0 = Release|x64
		{069A77F3-BD61-4AA0-B821-25144E9BBD7D}.Release|x64.Deploy.0 = Release|x64
		{33406CE4-E441-4575-9C80-08BD7D1E8E04}.Debug|Any CPU.ActiveCfg = Debug|x64
		{33406CE4-E441-4575-9C80-08BD7D1E8E04}.Debug|x64.ActiveCfg = Debug|x64
		{33406CE4-E441-4575-9C80-08BD7D1E8E04}.Debug|x64.Build.0 = Debug|x64
		{33406CE4-E441-4575-9C80-08BD7D1E8E04}.Release|Any CPU.ActiveCfg = Release|x64
		{33406CE4-E441-4575-9C80-08BD7D1E8E04}.Release|x64.ActiveCfg = Release|x64
		{33406CE4-E441-4575-9C80-08BD7D1E8E04}.Release|x64.Build.0 = Release|x64
		{CE12A5CA-11E9-436A-8444-9CA1874B0DED}.Debug|Any CPU.ActiveCfg = Debug|Any CPU
		{CE12A5CA-11E9-436A-8444-9CA1874B0DED}.Debug|Any CPU.Build.0 = Debug|Any CPU
		{CE12A5CA-11E9-436A-8444-9CA1874B0DED}.Debug|x64.ActiveCfg = Debug|Any CPU
		{CE12A5CA-11E9-436A-8444-9CA1874B0DED}.Debug|x64.Build.0 = Debug|Any CPU
		{CE12A5CA-11E9-436A-8444-9CA1874B0DED}.Release|Any CPU.ActiveCfg = Release|Any CPU
		{CE12A5CA-11E9-436A-8444-9CA1874B0DED}.Release|Any CPU.Build.0 = Release|Any CPU
		{CE12A5CA-11E9-436A-8444-9CA1874B0DED}.Release|x64.ActiveCfg = Release|Any CPU
		{CE12A5CA-11E9-436A-8444-9CA1874B0DED}.Release|x64.Build.0 = Release|Any CPU
		{FE2B076D-53F6-4CA1-AD1A-5640B8D66700}.Debug|Any CPU.ActiveCfg = Debug|x64
		{FE2B076D-53F6-4CA1-AD1A-5640B8D66700}.Debug|x64.ActiveCfg = Debug|x64
		{FE2B076D-53F6-4CA1-AD1A-5640B8D66700}.Debug|x64.Build.0 = Debug|x64
		{FE2B076D-53F6-4CA1-AD1A-5640B8D66700}.Release|Any CPU.ActiveCfg = Release|x64
		{FE2B076D-53F6-4CA1-AD1A-5640B8D66700}.Release|x64.ActiveCfg = Release|x64
		{FE2B076D-53F6-4CA1-AD1A-5640B8D66700}.Release|x64.Build.0 = Release|x64
	EndGlobalSection
	GlobalSection(SolutionProperties) = preSolution
		HideSolutionNode = FALSE
	EndGlobalSection
EndGlobal
